// !$*UTF8*$!
{
	archiveVersion = 1;
	classes = {
	};
	objectVersion = 50;
	objects = {

/* Begin PBXBuildFile section */
		D442E570211E038500A86E25 /* AppDelegate.swift in Sources */ = {isa = PBXBuildFile; fileRef = D442E56F211E038500A86E25 /* AppDelegate.swift */; };
		D442E572211E038500A86E25 /* ViewController.swift in Sources */ = {isa = PBXBuildFile; fileRef = D442E571211E038500A86E25 /* ViewController.swift */; };
		D442E575211E038500A86E25 /* Main.storyboard in Resources */ = {isa = PBXBuildFile; fileRef = D442E573211E038500A86E25 /* Main.storyboard */; };
		D442E577211E038900A86E25 /* Assets.xcassets in Resources */ = {isa = PBXBuildFile; fileRef = D442E576211E038900A86E25 /* Assets.xcassets */; };
		D442E57A211E038900A86E25 /* LaunchScreen.storyboard in Resources */ = {isa = PBXBuildFile; fileRef = D442E578211E038900A86E25 /* LaunchScreen.storyboard */; };
		D442E5822120253C00A86E25 /* StoryView.swift in Sources */ = {isa = PBXBuildFile; fileRef = D442E5812120253C00A86E25 /* StoryView.swift */; };
		D442E5842120954200A86E25 /* Story.swift in Sources */ = {isa = PBXBuildFile; fileRef = D442E5832120954200A86E25 /* Story.swift */; };
		D442E586212098AC00A86E25 /* StoriesScrollView.swift in Sources */ = {isa = PBXBuildFile; fileRef = D442E585212098AC00A86E25 /* StoriesScrollView.swift */; };
		D442E58921209AFD00A86E25 /* CollectionViewController.swift in Sources */ = {isa = PBXBuildFile; fileRef = D442E58821209AFD00A86E25 /* CollectionViewController.swift */; };
		D442E58B21209B7000A86E25 /* StoriesLayout.swift in Sources */ = {isa = PBXBuildFile; fileRef = D442E58A21209B7000A86E25 /* StoriesLayout.swift */; };
		D442E58D21209C2100A86E25 /* StoryCell.swift in Sources */ = {isa = PBXBuildFile; fileRef = D442E58C21209C2100A86E25 /* StoryCell.swift */; };
/* End PBXBuildFile section */

/* Begin PBXFileReference section */
		D442E56C211E038500A86E25 /* InstagramStoriesTutorial.app */ = {isa = PBXFileReference; explicitFileType = wrapper.application; includeInIndex = 0; path = InstagramStoriesTutorial.app; sourceTree = BUILT_PRODUCTS_DIR; };
		D442E56F211E038500A86E25 /* AppDelegate.swift */ = {isa = PBXFileReference; lastKnownFileType = sourcecode.swift; path = AppDelegate.swift; sourceTree = "<group>"; };
		D442E571211E038500A86E25 /* ViewController.swift */ = {isa = PBXFileReference; lastKnownFileType = sourcecode.swift; path = ViewController.swift; sourceTree = "<group>"; };
		D442E574211E038500A86E25 /* Base */ = {isa = PBXFileReference; lastKnownFileType = file.storyboard; name = Base; path = Base.lproj/Main.storyboard; sourceTree = "<group>"; };
		D442E576211E038900A86E25 /* Assets.xcassets */ = {isa = PBXFileReference; lastKnownFileType = folder.assetcatalog; path = Assets.xcassets; sourceTree = "<group>"; };
		D442E579211E038900A86E25 /* Base */ = {isa = PBXFileReference; lastKnownFileType = file.storyboard; name = Base; path = Base.lproj/LaunchScreen.storyboard; sourceTree = "<group>"; };
		D442E57B211E038900A86E25 /* Info.plist */ = {isa = PBXFileReference; lastKnownFileType = text.plist.xml; path = Info.plist; sourceTree = "<group>"; };
		D442E5812120253C00A86E25 /* StoryView.swift */ = {isa = PBXFileReference; lastKnownFileType = sourcecode.swift; path = StoryView.swift; sourceTree = "<group>"; };
		D442E5832120954200A86E25 /* Story.swift */ = {isa = PBXFileReference; lastKnownFileType = sourcecode.swift; path = Story.swift; sourceTree = "<group>"; };
		D442E585212098AC00A86E25 /* StoriesScrollView.swift */ = {isa = PBXFileReference; lastKnownFileType = sourcecode.swift; path = StoriesScrollView.swift; sourceTree = "<group>"; };
		D442E58821209AFD00A86E25 /* CollectionViewController.swift */ = {isa = PBXFileReference; lastKnownFileType = sourcecode.swift; path = CollectionViewController.swift; sourceTree = "<group>"; };
		D442E58A21209B7000A86E25 /* StoriesLayout.swift */ = {isa = PBXFileReference; lastKnownFileType = sourcecode.swift; path = StoriesLayout.swift; sourceTree = "<group>"; };
		D442E58C21209C2100A86E25 /* StoryCell.swift */ = {isa = PBXFileReference; lastKnownFileType = sourcecode.swift; path = StoryCell.swift; sourceTree = "<group>"; };
/* End PBXFileReference section */

/* Begin PBXFrameworksBuildPhase section */
		D442E569211E038500A86E25 /* Frameworks */ = {
			isa = PBXFrameworksBuildPhase;
			buildActionMask = 2147483647;
			files = (
			);
			runOnlyForDeploymentPostprocessing = 0;
		};
/* End PBXFrameworksBuildPhase section */

/* Begin PBXGroup section */
		D442E563211E038500A86E25 = {
			isa = PBXGroup;
			children = (
				D442E56E211E038500A86E25 /* InstagramStoriesTutorial */,
				D442E56D211E038500A86E25 /* Products */,
			);
			sourceTree = "<group>";
		};
		D442E56D211E038500A86E25 /* Products */ = {
			isa = PBXGroup;
			children = (
				D442E56C211E038500A86E25 /* InstagramStoriesTutorial.app */,
			);
			name = Products;
			sourceTree = "<group>";
		};
		D442E56E211E038500A86E25 /* InstagramStoriesTutorial */ = {
			isa = PBXGroup;
			children = (
				D442E5812120253C00A86E25 /* StoryView.swift */,
				D442E5832120954200A86E25 /* Story.swift */,
				D442E58721209AF000A86E25 /* CollectionView */,
				D442E56F211E038500A86E25 /* AppDelegate.swift */,
				D442E573211E038500A86E25 /* Main.storyboard */,
				D442E576211E038900A86E25 /* Assets.xcassets */,
				D442E578211E038900A86E25 /* LaunchScreen.storyboard */,
				D442E57B211E038900A86E25 /* Info.plist */,
				D442E585212098AC00A86E25 /* StoriesScrollView.swift */,
				D442E571211E038500A86E25 /* ViewController.swift */,
			);
			path = InstagramStoriesTutorial;
			sourceTree = "<group>";
		};
		D442E58721209AF000A86E25 /* CollectionView */ = {
			isa = PBXGroup;
			children = (
				D442E58821209AFD00A86E25 /* CollectionViewController.swift */,
				D442E58A21209B7000A86E25 /* StoriesLayout.swift */,
				D442E58C21209C2100A86E25 /* StoryCell.swift */,
			);
			path = CollectionView;
			sourceTree = "<group>";
		};
/* End PBXGroup section */

/* Begin PBXNativeTarget section */
		D442E56B211E038500A86E25 /* InstagramStoriesTutorial */ = {
			isa = PBXNativeTarget;
			buildConfigurationList = D442E57E211E038900A86E25 /* Build configuration list for PBXNativeTarget "InstagramStoriesTutorial" */;
			buildPhases = (
				D442E568211E038500A86E25 /* Sources */,
				D442E569211E038500A86E25 /* Frameworks */,
				D442E56A211E038500A86E25 /* Resources */,
			);
			buildRules = (
			);
			dependencies = (
			);
			name = InstagramStoriesTutorial;
			productName = InstagramStoriesTutorial;
			productReference = D442E56C211E038500A86E25 /* InstagramStoriesTutorial.app */;
			productType = "com.apple.product-type.application";
		};
/* End PBXNativeTarget section */

/* Begin PBXProject section */
		D442E564211E038500A86E25 /* Project object */ = {
			isa = PBXProject;
			attributes = {
				LastSwiftUpdateCheck = 0940;
				LastUpgradeCheck = 0940;
				ORGANIZATIONNAME = "Stephen Bodnar";
				TargetAttributes = {
					D442E56B211E038500A86E25 = {
						CreatedOnToolsVersion = 9.4.1;
					};
				};
			};
			buildConfigurationList = D442E567211E038500A86E25 /* Build configuration list for PBXProject "InstagramStoriesTutorial" */;
			compatibilityVersion = "Xcode 9.3";
			developmentRegion = en;
			hasScannedForEncodings = 0;
			knownRegions = (
				en,
				Base,
			);
			mainGroup = D442E563211E038500A86E25;
			productRefGroup = D442E56D211E038500A86E25 /* Products */;
			projectDirPath = "";
			projectRoot = "";
			targets = (
				D442E56B211E038500A86E25 /* InstagramStoriesTutorial */,
			);
		};
/* End PBXProject section */

/* Begin PBXResourcesBuildPhase section */
		D442E56A211E038500A86E25 /* Resources */ = {
			isa = PBXResourcesBuildPhase;
			buildActionMask = 2147483647;
			files = (
				D442E57A211E038900A86E25 /* LaunchScreen.storyboard in Resources */,
				D442E577211E038900A86E25 /* Assets.xcassets in Resources */,
				D442E575211E038500A86E25 /* Main.storyboard in Resources */,
			);
			runOnlyForDeploymentPostprocessing = 0;
		};
/* End PBXResourcesBuildPhase section */

/* Begin PBXSourcesBuildPhase section */
		D442E568211E038500A86E25 /* Sources */ = {
			isa = PBXSourcesBuildPhase;
			buildActionMask = 2147483647;
			files = (
				D442E58921209AFD00A86E25 /* CollectionViewController.swift in Sources */,
				D442E5822120253C00A86E25 /* StoryView.swift in Sources */,
				D442E572211E038500A86E25 /* ViewController.swift in Sources */,
				D442E58D21209C2100A86E25 /* StoryCell.swift in Sources */,
				D442E570211E038500A86E25 /* AppDelegate.swift in Sources */,
				D442E5842120954200A86E25 /* Story.swift in Sources */,
				D442E58B21209B7000A86E25 /* StoriesLayout.swift in Sources */,
				D442E586212098AC00A86E25 /* StoriesScrollView.swift in Sources */,
			);
			runOnlyForDeploymentPostprocessing = 0;
		};
/* End PBXSourcesBuildPhase section */

/* Begin PBXVariantGroup section */
		D442E573211E038500A86E25 /* Main.storyboard */ = {
			isa = PBXVariantGroup;
			children = (
				D442E574211E038500A86E25 /* Base */,
			);
			name = Main.storyboard;
			sourceTree = "<group>";
		};
		D442E578211E038900A86E25 /* LaunchScreen.storyboard */ = {
			isa = PBXVariantGroup;
			children = (
				D442E579211E038900A86E25 /* Base */,
			);
			name = LaunchScreen.storyboard;
			sourceTree = "<group>";
		};
/* End PBXVariantGroup section */

/* Begin XCBuildConfiguration section */
		D442E57C211E038900A86E25 /* Debug */ = {
			isa = XCBuildConfiguration;
			buildSettings = {
				ALWAYS_SEARCH_USER_PATHS = NO;
				CLANG_ANALYZER_NONNULL = YES;
				CLANG_ANALYZER_NUMBER_OBJECT_CONVERSION = YES_AGGRESSIVE;
				CLANG_CXX_LANGUAGE_STANDARD = "gnu++14";
				CLANG_CXX_LIBRARY = "libc++";
				CLANG_ENABLE_MODULES = YES;
				CLANG_ENABLE_OBJC_ARC = YES;
				CLANG_ENABLE_OBJC_WEAK = YES;
				CLANG_WARN_BLOCK_CAPTURE_AUTORELEASING = YES;
				CLANG_WARN_BOOL_CONVERSION = YES;
				CLANG_WARN_COMMA = YES;
				CLANG_WARN_CONSTANT_CONVERSION = YES;
				CLANG_WARN_DEPRECATED_OBJC_IMPLEMENTATIONS = YES;
				CLANG_WARN_DIRECT_OBJC_ISA_USAGE = YES_ERROR;
				CLANG_WARN_DOCUMENTATION_COMMENTS = YES;
				CLANG_WARN_EMPTY_BODY = YES;
				CLANG_WARN_ENUM_CONVERSION = YES;
				CLANG_WARN_INFINITE_RECURSION = YES;
				CLANG_WARN_INT_CONVERSION = YES;
				CLANG_WARN_NON_LITERAL_NULL_CONVERSION = YES;
				CLANG_WARN_OBJC_IMPLICIT_RETAIN_SELF = YES;
				CLANG_WARN_OBJC_LITERAL_CONVERSION = YES;
				CLANG_WARN_OBJC_ROOT_CLASS = YES_ERROR;
				CLANG_WARN_RANGE_LOOP_ANALYSIS = YES;
				CLANG_WARN_STRICT_PROTOTYPES = YES;
				CLANG_WARN_SUSPICIOUS_MOVE = YES;
				CLANG_WARN_UNGUARDED_AVAILABILITY = YES_AGGRESSIVE;
				CLANG_WARN_UNREACHABLE_CODE = YES;
				CLANG_WARN__DUPLICATE_METHOD_MATCH = YES;
				CODE_SIGN_IDENTITY = "iPhone Developer";
				COPY_PHASE_STRIP = NO;
				DEBUG_INFORMATION_FORMAT = dwarf;
				ENABLE_STRICT_OBJC_MSGSEND = YES;
				ENABLE_TESTABILITY = YES;
				GCC_C_LANGUAGE_STANDARD = gnu11;
				GCC_DYNAMIC_NO_PIC = NO;
				GCC_NO_COMMON_BLOCKS = YES;
				GCC_OPTIMIZATION_LEVEL = 0;
				GCC_PREPROCESSOR_DEFINITIONS = (
					"DEBUG=1",
					"$(inherited)",
				);
				GCC_WARN_64_TO_32_BIT_CONVERSION = YES;
				GCC_WARN_ABOUT_RETURN_TYPE = YES_ERROR;
				GCC_WARN_UNDECLARED_SELECTOR = YES;
				GCC_WARN_UNINITIALIZED_AUTOS = YES_AGGRESSIVE;
				GCC_WARN_UNUSED_FUNCTION = YES;
				GCC_WARN_UNUSED_VARIABLE = YES;
				IPHONEOS_DEPLOYMENT_TARGET = 11.4;
				MTL_ENABLE_DEBUG_INFO = YES;
				ONLY_ACTIVE_ARCH = YES;
				SDKROOT = iphoneos;
				SWIFT_ACTIVE_COMPILATION_CONDITIONS = DEBUG;
				SWIFT_OPTIMIZATION_LEVEL = "-Onone";
			};
			name = Debug;
		};
		D442E57D211E038900A86E25 /* Release */ = {
			isa = XCBuildConfiguration;
			buildSettings = {
				ALWAYS_SEARCH_USER_PATHS = NO;
				CLANG_ANALYZER_NONNULL = YES;
				CLANG_ANALYZER_NUMBER_OBJECT_CONVERSION = YES_AGGRESSIVE;
				CLANG_CXX_LANGUAGE_STANDARD = "gnu++14";
				CLANG_CXX_LIBRARY = "libc++";
				CLANG_ENABLE_MODULES = YES;
				CLANG_ENABLE_OBJC_ARC = YES;
				CLANG_ENABLE_OBJC_WEAK = YES;
				CLANG_WARN_BLOCK_CAPTURE_AUTORELEASING = YES;
				CLANG_WARN_BOOL_CONVERSION = YES;
				CLANG_WARN_COMMA = YES;
				CLANG_WARN_CONSTANT_CONVERSION = YES;
				CLANG_WARN_DEPRECATED_OBJC_IMPLEMENTATIONS = YES;
				CLANG_WARN_DIRECT_OBJC_ISA_USAGE = YES_ERROR;
				CLANG_WARN_DOCUMENTATION_COMMENTS = YES;
				CLANG_WARN_EMPTY_BODY = YES;
				CLANG_WARN_ENUM_CONVERSION = YES;
				CLANG_WARN_INFINITE_RECURSION = YES;
				CLANG_WARN_INT_CONVERSION = YES;
				CLANG_WARN_NON_LITERAL_NULL_CONVERSION = YES;
				CLANG_WARN_OBJC_IMPLICIT_RETAIN_SELF = YES;
				CLANG_WARN_OBJC_LITERAL_CONVERSION = YES;
				CLANG_WARN_OBJC_ROOT_CLASS = YES_ERROR;
				CLANG_WARN_RANGE_LOOP_ANALYSIS = YES;
				CLANG_WARN_STRICT_PROTOTYPES = YES;
				CLANG_WARN_SUSPICIOUS_MOVE = YES;
				CLANG_WARN_UNGUARDED_AVAILABILITY = YES_AGGRESSIVE;
				CLANG_WARN_UNREACHABLE_CODE = YES;
				CLANG_WARN__DUPLICATE_METHOD_MATCH = YES;
				CODE_SIGN_IDENTITY = "iPhone Developer";
				COPY_PHASE_STRIP = NO;
				DEBUG_INFORMATION_FORMAT = "dwarf-with-dsym";
				ENABLE_NS_ASSERTIONS = NO;
				ENABLE_STRICT_OBJC_MSGSEND = YES;
				GCC_C_LANGUAGE_STANDARD = gnu11;
				GCC_NO_COMMON_BLOCKS = YES;
				GCC_WARN_64_TO_32_BIT_CONVERSION = YES;
				GCC_WARN_ABOUT_RETURN_TYPE = YES_ERROR;
				GCC_WARN_UNDECLARED_SELECTOR = YES;
				GCC_WARN_UNINITIALIZED_AUTOS = YES_AGGRESSIVE;
				GCC_WARN_UNUSED_FUNCTION = YES;
				GCC_WARN_UNUSED_VARIABLE = YES;
				IPHONEOS_DEPLOYMENT_TARGET = 11.4;
				MTL_ENABLE_DEBUG_INFO = NO;
				SDKROOT = iphoneos;
				SWIFT_COMPILATION_MODE = wholemodule;
				SWIFT_OPTIMIZATION_LEVEL = "-O";
				VALIDATE_PRODUCT = YES;
			};
			name = Release;
		};
		D442E57F211E038900A86E25 /* Debug */ = {
			isa = XCBuildConfiguration;
			buildSettings = {
				ASSETCATALOG_COMPILER_APPICON_NAME = AppIcon;
				CODE_SIGN_STYLE = Automatic;
				DEVELOPMENT_TEAM = U352XG8SZU;
				INFOPLIST_FILE = InstagramStoriesTutorial/Info.plist;
				LD_RUNPATH_SEARCH_PATHS = (
					"$(inherited)",
					"@executable_path/Frameworks",
				);
				PRODUCT_BUNDLE_IDENTIFIER = stephenbodnar.InstagramStoriesTutorial;
				PRODUCT_NAME = "$(TARGET_NAME)";
				SWIFT_VERSION = 4.0;
				TARGETED_DEVICE_FAMILY = "1,2";
			};
			name = Debug;
		};
		D442E580211E038900A86E25 /* Release */ = {
			isa = XCBuildConfiguration;
			buildSettings = {
				ASSETCATALOG_COMPILER_APPICON_NAME = AppIcon;
				CODE_SIGN_STYLE = Automatic;
				DEVELOPMENT_TEAM = U352XG8SZU;
				INFOPLIST_FILE = InstagramStoriesTutorial/Info.plist;
				LD_RUNPATH_SEARCH_PATHS = (
					"$(inherited)",
					"@executable_path/Frameworks",
				);
				PRODUCT_BUNDLE_IDENTIFIER = stephenbodnar.InstagramStoriesTutorial;
				PRODUCT_NAME = "$(TARGET_NAME)";
				SWIFT_VERSION = 4.0;
				TARGETED_DEVICE_FAMILY = "1,2";
			};
			name = Release;
		};
/* End XCBuildConfiguration section */

/* Begin XCConfigurationList section */
		D442E567211E038500A86E25 /* Build configuration list for PBXProject "InstagramStoriesTutorial" */ = {
			isa = XCConfigurationList;
			buildConfigurations = (
				D442E57C211E038900A86E25 /* Debug */,
				D442E57D211E038900A86E25 /* Release */,
			);
			defaultConfigurationIsVisible = 0;
			defaultConfigurationName = Release;
		};
		D442E57E211E038900A86E25 /* Build configuration list for PBXNativeTarget "InstagramStoriesTutorial" */ = {
			isa = XCConfigurationList;
			buildConfigurations = (
				D442E57F211E038900A86E25 /* Debug */,
				D442E580211E038900A86E25 /* Release */,
			);
			defaultConfigurationIsVisible = 0;
			defaultConfigurationName = Release;
		};
/* End XCConfigurationList section */
	};
	rootObject = D442E564211E038500A86E25 /* Project object */;
}
